
Microsoft Visual Studio Solution File, Format Version 12.00
# Visual Studio Version 17
VisualStudioVersion = 17.9.34728.123
MinimumVisualStudioVersion = 10.0.40219.1
Project("{FAE04EC0-301F-11D3-BF4B-00C04F79EFBC}") = "FireShader", "FireShader.csproj", "{4640705D-5AFB-438C-91DE-19766EC328F4}"
EndProject
Global
	GlobalSection(SolutionConfigurationPlatforms) = preSolution
		Debug|Any CPU = Debug|Any CPU
		Release|Any CPU = Release|Any CPU
	EndGlobalSection
	GlobalSection(ProjectConfigurationPlatforms) = postSolution
		{4640705D-5AFB-438C-91DE-19766EC328F4}.Debug|Any CPU.ActiveCfg = Debug|Any CPU
		{4640705D-5AFB-438C-91DE-19766EC328F4}.Debug|Any CPU.Build.0 = Debug|Any CPU
		{4640705D-5AFB-438C-91DE-19766EC328F4}.Release|Any CPU.ActiveCfg = Release|Any CPU
		{4640705D-5AFB-438C-91DE-19766EC328F4}.Release|Any CPU.Build.0 = Release|Any CPU
	EndGlobalSection
	GlobalSection(SolutionProperties) = preSolution
		HideSolutionNode = FALSE
	EndGlobalSection
	GlobalSection(ExtensibilityGlobals) = postSolution
		SolutionGuid = {91858FBE-B597-4B85-BB26-7761903B4BAC}
	EndGlobalSection
EndGlobal
